
Microsoft Visual Studio Solution File, Format Version 12.00
# Visual Studio 14
VisualStudioVersion = 14.0.25420.1
MinimumVisualStudioVersion = 10.0.40219.1
Project("{FAE04EC0-301F-11D3-BF4B-00C04F79EFBC}") = "cis237assignment6", "cis237assignment6\cis237assignment6.csproj", "{C67D0499-8F95-442B-A42A-AC6288B22721}"
EndProject
Project("{FAE04EC0-301F-11D3-BF4B-00C04F79EFBC}") = "cis237assignment6.Tests", "cis237assignment6.Tests\cis237assignment6.Tests.csproj", "{4E2E2306-2A48-4D83-A375-070E139C5926}"
EndProject
Global
	GlobalSection(SolutionConfigurationPlatforms) = preSolution
		Debug|Any CPU = Debug|Any CPU
		Release|Any CPU = Release|Any CPU
	EndGlobalSection
	GlobalSection(ProjectConfigurationPlatforms) = postSolution
		{C67D0499-8F95-442B-A42A-AC6288B22721}.Debug|Any CPU.ActiveCfg = Debug|Any CPU
		{C67D0499-8F95-442B-A42A-AC6288B22721}.Debug|Any CPU.Build.0 = Debug|Any CPU
		{C67D0499-8F95-442B-A42A-AC6288B22721}.Release|Any CPU.ActiveCfg = Release|Any CPU
		{C67D0499-8F95-442B-A42A-AC6288B22721}.Release|Any CPU.Build.0 = Release|Any CPU
		{4E2E2306-2A48-4D83-A375-070E139C5926}.Debug|Any CPU.ActiveCfg = Debug|Any CPU
		{4E2E2306-2A48-4D83-A375-070E139C5926}.Debug|Any CPU.Build.0 = Debug|Any CPU
		{4E2E2306-2A48-4D83-A375-070E139C5926}.Release|Any CPU.ActiveCfg = Release|Any CPU
		{4E2E2306-2A48-4D83-A375-070E139C5926}.Release|Any CPU.Build.0 = Release|Any CPU
	EndGlobalSection
	GlobalSection(SolutionProperties) = preSolution
		HideSolutionNode = FALSE
	EndGlobalSection
EndGlobal
